
Microsoft Visual Studio Solution File, Format Version 12.00
# Visual Studio Version 17
VisualStudioVersion = 17.0.31912.275
MinimumVisualStudioVersion = 10.0.40219.1
Project("{FAE04EC0-301F-11D3-BF4B-00C04F79EFBC}") = "FastPMHelperAddin", "FastPMHelperAddin\FastPMHelperAddin.csproj", "{276E72C5-6C00-4966-B1E4-1425156679AF}"
EndProject
Global
	GlobalSection(SolutionConfigurationPlatforms) = preSolution
		Debug|Any CPU = Debug|Any CPU
		Release|Any CPU = Release|Any CPU
	EndGlobalSection
	GlobalSection(ProjectConfigurationPlatforms) = postSolution
		{276E72C5-6C00-4966-B1E4-1425156679AF}.Debug|Any CPU.ActiveCfg = Debug|Any CPU
		{276E72C5-6C00-4966-B1E4-1425156679AF}.Debug|Any CPU.Build.0 = Debug|Any CPU
		{276E72C5-6C00-4966-B1E4-1425156679AF}.Release|Any CPU.ActiveCfg = Release|Any CPU
		{276E72C5-6C00-4966-B1E4-1425156679AF}.Release|Any CPU.Build.0 = Release|Any CPU
	EndGlobalSection
	GlobalSection(SolutionProperties) = preSolution
		HideSolutionNode = FALSE
	EndGlobalSection
	GlobalSection(ExtensibilityGlobals) = postSolution
		SolutionGuid = {F9E4B9B6-D822-4153-AFB5-FC4131E76DFA}
	EndGlobalSection
EndGlobal
